
Microsoft Visual Studio Solution File, Format Version 12.00
# Visual Studio Version 17
VisualStudioVersion = 17.14.36109.1 d17.14
MinimumVisualStudioVersion = 10.0.40219.1
Project("{FAE04EC0-301F-11D3-BF4B-00C04F79EFBC}") = "OpenMap", "OpenMap.csproj", "{9748C237-98D7-4667-8A5F-44D0CC7FF698}"
EndProject
Global
	GlobalSection(SolutionConfigurationPlatforms) = preSolution
		Debug|Any CPU = Debug|Any CPU
		Release|Any CPU = Release|Any CPU
	EndGlobalSection
	GlobalSection(ProjectConfigurationPlatforms) = postSolution
		{9748C237-98D7-4667-8A5F-44D0CC7FF698}.Debug|Any CPU.ActiveCfg = Debug|Any CPU
		{9748C237-98D7-4667-8A5F-44D0CC7FF698}.Debug|Any CPU.Build.0 = Debug|Any CPU
		{9748C237-98D7-4667-8A5F-44D0CC7FF698}.Release|Any CPU.ActiveCfg = Release|Any CPU
		{9748C237-98D7-4667-8A5F-44D0CC7FF698}.Release|Any CPU.Build.0 = Release|Any CPU
	EndGlobalSection
	GlobalSection(SolutionProperties) = preSolution
		HideSolutionNode = FALSE
	EndGlobalSection
	GlobalSection(ExtensibilityGlobals) = postSolution
		SolutionGuid = {951A2411-7333-43CC-9F7C-ED7D6FF32B61}
	EndGlobalSection
EndGlobal
